
Microsoft Visual Studio Solution File, Format Version 12.00
# Visual Studio 15
VisualStudioVersion = 15.0.33423.255
MinimumVisualStudioVersion = 10.0.40219.1
Project("{FAE04EC0-301F-11D3-BF4B-00C04F79EFBC}") = "ZeerabCollection.Web", "ZeerabCollection.Web\ZeerabCollection.Web.csproj", "{E44C7BAA-BD35-49BF-BBC2-1D87A00FC928}"
EndProject
Project("{FAE04EC0-301F-11D3-BF4B-00C04F79EFBC}") = "ZeerabCollection.Entities", "ZeerabCollection.Entities\ZeerabCollection.Entities.csproj", "{161D3D10-9E56-4B45-9A2D-88D290DD75A3}"
EndProject
Project("{FAE04EC0-301F-11D3-BF4B-00C04F79EFBC}") = "ZeerabCollection.Database", "ZeerabCollection.Database\ZeerabCollection.Database.csproj", "{584917E1-DC6D-4FB7-B8F5-A63FAA9AC5F1}"
EndProject
Global
	GlobalSection(SolutionConfigurationPlatforms) = preSolution
		Debug|Any CPU = Debug|Any CPU
		Release|Any CPU = Release|Any CPU
	EndGlobalSection
	GlobalSection(ProjectConfigurationPlatforms) = postSolution
		{E44C7BAA-BD35-49BF-BBC2-1D87A00FC928}.Debug|Any CPU.ActiveCfg = Debug|Any CPU
		{E44C7BAA-BD35-49BF-BBC2-1D87A00FC928}.Debug|Any CPU.Build.0 = Debug|Any CPU
		{E44C7BAA-BD35-49BF-BBC2-1D87A00FC928}.Release|Any CPU.ActiveCfg = Release|Any CPU
		{E44C7BAA-BD35-49BF-BBC2-1D87A00FC928}.Release|Any CPU.Build.0 = Release|Any CPU
		{161D3D10-9E56-4B45-9A2D-88D290DD75A3}.Debug|Any CPU.ActiveCfg = Debug|Any CPU
		{161D3D10-9E56-4B45-9A2D-88D290DD75A3}.Debug|Any CPU.Build.0 = Debug|Any CPU
		{161D3D10-9E56-4B45-9A2D-88D290DD75A3}.Release|Any CPU.ActiveCfg = Release|Any CPU
		{161D3D10-9E56-4B45-9A2D-88D290DD75A3}.Release|Any CPU.Build.0 = Release|Any CPU
		{584917E1-DC6D-4FB7-B8F5-A63FAA9AC5F1}.Debug|Any CPU.ActiveCfg = Debug|Any CPU
		{584917E1-DC6D-4FB7-B8F5-A63FAA9AC5F1}.Debug|Any CPU.Build.0 = Debug|Any CPU
		{584917E1-DC6D-4FB7-B8F5-A63FAA9AC5F1}.Release|Any CPU.ActiveCfg = Release|Any CPU
		{584917E1-DC6D-4FB7-B8F5-A63FAA9AC5F1}.Release|Any CPU.Build.0 = Release|Any CPU
	EndGlobalSection
	GlobalSection(SolutionProperties) = preSolution
		HideSolutionNode = FALSE
	EndGlobalSection
	GlobalSection(ExtensibilityGlobals) = postSolution
		SolutionGuid = {CD80A501-109D-4480-9778-A6BA01617AEF}
	EndGlobalSection
EndGlobal
